PODS:
  - DYDemoTools (0.0.2):
    - DYDemoTools/0_Base (= 0.0.2)
    - DYDemoTools/1_Tools (= 0.0.2)
    - DYDemoTools/2_View (= 0.0.2)
  - DYDemoTools/0_Base (0.0.2)
  - DYDemoTools/1_Tools (0.0.2)
  - DYDemoTools/2_View (0.0.2)

DEPENDENCIES:
  - DYDemoTools (from `../`)

EXTERNAL SOURCES:
  DYDemoTools:
    :path: "../"

SPEC CHECKSUMS:
  DYDemoTools: 0da979c434321366518dfabf0a423c4b3c67b85f

PODFILE CHECKSUM: 48f9602604def64155d425845b6991fb13c5e762

COCOAPODS: 1.7.3
