PODS:
  - DYDemoTools (0.0.1):
    - DYDemoTools/0_Base (= 0.0.1)
    - DYDemoTools/1_Tools (= 0.0.1)
    - DYDemoTools/2_View (= 0.0.1)
  - DYDemoTools/0_Base (0.0.1)
  - DYDemoTools/1_Tools (0.0.1)
  - DYDemoTools/2_View (0.0.1)

DEPENDENCIES:
  - DYDemoTools (from `../`)

EXTERNAL SOURCES:
  DYDemoTools:
    :path: "../"

SPEC CHECKSUMS:
  DYDemoTools: 054f1111d8f599b40ae3f33fdadddbec153fc66a

PODFILE CHECKSUM: 48f9602604def64155d425845b6991fb13c5e762

COCOAPODS: 1.7.3
